
Microsoft Visual Studio Solution File, Format Version 12.00
# Visual Studio Version 17
VisualStudioVersion = 17.5.002.0
MinimumVisualStudioVersion = 10.0.40219.1
Project("{9A19103F-16F7-4668-BE54-9A1E7A4F7556}") = "TesteDotNetInfinity", "TesteDotNetInfinity.csproj", "{B555BBC2-3B5F-42D5-B194-6963A4193189}"
EndProject
Global
	GlobalSection(SolutionConfigurationPlatforms) = preSolution
		Debug|Any CPU = Debug|Any CPU
		Release|Any CPU = Release|Any CPU
	EndGlobalSection
	GlobalSection(ProjectConfigurationPlatforms) = postSolution
		{B555BBC2-3B5F-42D5-B194-6963A4193189}.Debug|Any CPU.ActiveCfg = Debug|Any CPU
		{B555BBC2-3B5F-42D5-B194-6963A4193189}.Debug|Any CPU.Build.0 = Debug|Any CPU
		{B555BBC2-3B5F-42D5-B194-6963A4193189}.Release|Any CPU.ActiveCfg = Release|Any CPU
		{B555BBC2-3B5F-42D5-B194-6963A4193189}.Release|Any CPU.Build.0 = Release|Any CPU
	EndGlobalSection
	GlobalSection(SolutionProperties) = preSolution
		HideSolutionNode = FALSE
	EndGlobalSection
	GlobalSection(ExtensibilityGlobals) = postSolution
		SolutionGuid = {B71396F4-1E0D-4B14-9954-DAD66FAB404B}
	EndGlobalSection
EndGlobal
